
Microsoft Visual Studio Solution File, Format Version 12.00
# Visual Studio Version 16
VisualStudioVersion = 16.0.30225.117
MinimumVisualStudioVersion = 10.0.40219.1
Project("{FAE04EC0-301F-11D3-BF4B-00C04F79EFBC}") = "QuotesDemoAPI", "QuotesDemoAPI\QuotesDemoAPI.csproj", "{1DE67E93-4F1A-4F96-82C7-2CAAD4800C44}"
EndProject
Global
	GlobalSection(SolutionConfigurationPlatforms) = preSolution
		Debug|Any CPU = Debug|Any CPU
		Release|Any CPU = Release|Any CPU
	EndGlobalSection
	GlobalSection(ProjectConfigurationPlatforms) = postSolution
		{1DE67E93-4F1A-4F96-82C7-2CAAD4800C44}.Debug|Any CPU.ActiveCfg = Debug|Any CPU
		{1DE67E93-4F1A-4F96-82C7-2CAAD4800C44}.Debug|Any CPU.Build.0 = Debug|Any CPU
		{1DE67E93-4F1A-4F96-82C7-2CAAD4800C44}.Release|Any CPU.ActiveCfg = Release|Any CPU
		{1DE67E93-4F1A-4F96-82C7-2CAAD4800C44}.Release|Any CPU.Build.0 = Release|Any CPU
	EndGlobalSection
	GlobalSection(SolutionProperties) = preSolution
		HideSolutionNode = FALSE
	EndGlobalSection
	GlobalSection(ExtensibilityGlobals) = postSolution
		SolutionGuid = {081570F2-3497-41FE-95FA-88C416C08E03}
	EndGlobalSection
EndGlobal
